// !$*UTF8*$!
{
	archiveVersion = 1;
	classes = {
	};
	objectVersion = 46;
	objects = {

/* Begin PBXBuildFile section */
		B2174A7A1F74C25600812E5D /* AppDelegate.swift in Sources */ = {isa = PBXBuildFile; fileRef = B2174A791F74C25600812E5D /* AppDelegate.swift */; };
		B2174A7C1F74C25600812E5D /* ViewController.swift in Sources */ = {isa = PBXBuildFile; fileRef = B2174A7B1F74C25600812E5D /* ViewController.swift */; };
		B2174A7F1F74C25600812E5D /* Main.storyboard in Resources */ = {isa = PBXBuildFile; fileRef = B2174A7D1F74C25600812E5D /* Main.storyboard */; };
		B2174A811F74C25600812E5D /* Assets.xcassets in Resources */ = {isa = PBXBuildFile; fileRef = B2174A801F74C25600812E5D /* Assets.xcassets */; };
		B2174A841F74C25600812E5D /* LaunchScreen.storyboard in Resources */ = {isa = PBXBuildFile; fileRef = B2174A821F74C25600812E5D /* LaunchScreen.storyboard */; };
		B2174A8D1F74C26E00812E5D /* AVFoundation.framework in Frameworks */ = {isa = PBXBuildFile; fileRef = B2174A8C1F74C26E00812E5D /* AVFoundation.framework */; };
		B23F6C3E1F7CE6A400CE96D5 /* MLBarcodeReader.swift in Sources */ = {isa = PBXBuildFile; fileRef = B23F6C3D1F7CE6A400CE96D5 /* MLBarcodeReader.swift */; };
/* End PBXBuildFile section */

/* Begin PBXFileReference section */
		B2174A761F74C25600812E5D /* Barcode Master.app */ = {isa = PBXFileReference; explicitFileType = wrapper.application; includeInIndex = 0; path = "Barcode Master.app"; sourceTree = BUILT_PRODUCTS_DIR; };
		B2174A791F74C25600812E5D /* AppDelegate.swift */ = {isa = PBXFileReference; lastKnownFileType = sourcecode.swift; path = AppDelegate.swift; sourceTree = "<group>"; };
		B2174A7B1F74C25600812E5D /* ViewController.swift */ = {isa = PBXFileReference; lastKnownFileType = sourcecode.swift; path = ViewController.swift; sourceTree = "<group>"; };
		B2174A7E1F74C25600812E5D /* Base */ = {isa = PBXFileReference; lastKnownFileType = file.storyboard; name = Base; path = Base.lproj/Main.storyboard; sourceTree = "<group>"; };
		B2174A801F74C25600812E5D /* Assets.xcassets */ = {isa = PBXFileReference; lastKnownFileType = folder.assetcatalog; path = Assets.xcassets; sourceTree = "<group>"; };
		B2174A831F74C25600812E5D /* Base */ = {isa = PBXFileReference; lastKnownFileType = file.storyboard; name = Base; path = Base.lproj/LaunchScreen.storyboard; sourceTree = "<group>"; };
		B2174A851F74C25600812E5D /* Info.plist */ = {isa = PBXFileReference; lastKnownFileType = text.plist.xml; path = Info.plist; sourceTree = "<group>"; };
		B2174A8C1F74C26E00812E5D /* AVFoundation.framework */ = {isa = PBXFileReference; lastKnownFileType = wrapper.framework; name = AVFoundation.framework; path = System/Library/Frameworks/AVFoundation.framework; sourceTree = SDKROOT; };
		B23F6C3D1F7CE6A400CE96D5 /* MLBarcodeReader.swift */ = {isa = PBXFileReference; lastKnownFileType = sourcecode.swift; path = MLBarcodeReader.swift; sourceTree = "<group>"; };
/* End PBXFileReference section */

/* Begin PBXFrameworksBuildPhase section */
		B2174A731F74C25600812E5D /* Frameworks */ = {
			isa = PBXFrameworksBuildPhase;
			buildActionMask = 2147483647;
			files = (
				B2174A8D1F74C26E00812E5D /* AVFoundation.framework in Frameworks */,
			);
			runOnlyForDeploymentPostprocessing = 0;
		};
/* End PBXFrameworksBuildPhase section */

/* Begin PBXGroup section */
		B2174A6D1F74C25600812E5D = {
			isa = PBXGroup;
			children = (
				B23F6C3D1F7CE6A400CE96D5 /* MLBarcodeReader.swift */,
				B2174A781F74C25600812E5D /* Barcode Master */,
				B2174A771F74C25600812E5D /* Products */,
				B2174A8B1F74C26E00812E5D /* Frameworks */,
			);
			sourceTree = "<group>";
		};
		B2174A771F74C25600812E5D /* Products */ = {
			isa = PBXGroup;
			children = (
				B2174A761F74C25600812E5D /* Barcode Master.app */,
			);
			name = Products;
			sourceTree = "<group>";
		};
		B2174A781F74C25600812E5D /* Barcode Master */ = {
			isa = PBXGroup;
			children = (
				B2174A791F74C25600812E5D /* AppDelegate.swift */,
				B2174A7B1F74C25600812E5D /* ViewController.swift */,
				B2174A7D1F74C25600812E5D /* Main.storyboard */,
				B2174A801F74C25600812E5D /* Assets.xcassets */,
				B2174A821F74C25600812E5D /* LaunchScreen.storyboard */,
				B2174A851F74C25600812E5D /* Info.plist */,
			);
			path = "Barcode Master";
			sourceTree = "<group>";
		};
		B2174A8B1F74C26E00812E5D /* Frameworks */ = {
			isa = PBXGroup;
			children = (
				B2174A8C1F74C26E00812E5D /* AVFoundation.framework */,
			);
			name = Frameworks;
			sourceTree = "<group>";
		};
/* End PBXGroup section */

/* Begin PBXNativeTarget section */
		B2174A751F74C25600812E5D /* Barcode Master */ = {
			isa = PBXNativeTarget;
			buildConfigurationList = B2174A881F74C25600812E5D /* Build configuration list for PBXNativeTarget "Barcode Master" */;
			buildPhases = (
				B2174A721F74C25600812E5D /* Sources */,
				B2174A731F74C25600812E5D /* Frameworks */,
				B2174A741F74C25600812E5D /* Resources */,
			);
			buildRules = (
			);
			dependencies = (
			);
			name = "Barcode Master";
			productName = "QRCode Reader";
			productReference = B2174A761F74C25600812E5D /* Barcode Master.app */;
			productType = "com.apple.product-type.application";
		};
/* End PBXNativeTarget section */

/* Begin PBXProject section */
		B2174A6E1F74C25600812E5D /* Project object */ = {
			isa = PBXProject;
			attributes = {
				LastSwiftUpdateCheck = 0830;
				LastUpgradeCheck = 0900;
				ORGANIZATIONNAME = "Johnny Wang";
				TargetAttributes = {
					B2174A751F74C25600812E5D = {
						CreatedOnToolsVersion = 8.3.3;
						DevelopmentTeam = S97KR224T3;
						LastSwiftMigration = 0900;
						ProvisioningStyle = Automatic;
					};
				};
			};
			buildConfigurationList = B2174A711F74C25600812E5D /* Build configuration list for PBXProject "Barcode Master" */;
			compatibilityVersion = "Xcode 3.2";
			developmentRegion = English;
			hasScannedForEncodings = 0;
			knownRegions = (
				en,
				Base,
			);
			mainGroup = B2174A6D1F74C25600812E5D;
			productRefGroup = B2174A771F74C25600812E5D /* Products */;
			projectDirPath = "";
			projectRoot = "";
			targets = (
				B2174A751F74C25600812E5D /* Barcode Master */,
			);
		};
/* End PBXProject section */

/* Begin PBXResourcesBuildPhase section */
		B2174A741F74C25600812E5D /* Resources */ = {
			isa = PBXResourcesBuildPhase;
			buildActionMask = 2147483647;
			files = (
				B2174A841F74C25600812E5D /* LaunchScreen.storyboard in Resources */,
				B2174A811F74C25600812E5D /* Assets.xcassets in Resources */,
				B2174A7F1F74C25600812E5D /* Main.storyboard in Resources */,
			);
			runOnlyForDeploymentPostprocessing = 0;
		};
/* End PBXResourcesBuildPhase section */

/* Begin PBXSourcesBuildPhase section */
		B2174A721F74C25600812E5D /* Sources */ = {
			isa = PBXSourcesBuildPhase;
			buildActionMask = 2147483647;
			files = (
				B2174A7C1F74C25600812E5D /* ViewController.swift in Sources */,
				B23F6C3E1F7CE6A400CE96D5 /* MLBarcodeReader.swift in Sources */,
				B2174A7A1F74C25600812E5D /* AppDelegate.swift in Sources */,
			);
			runOnlyForDeploymentPostprocessing = 0;
		};
/* End PBXSourcesBuildPhase section */

/* Begin PBXVariantGroup section */
		B2174A7D1F74C25600812E5D /* Main.storyboard */ = {
			isa = PBXVariantGroup;
			children = (
				B2174A7E1F74C25600812E5D /* Base */,
			);
			name = Main.storyboard;
			sourceTree = "<group>";
		};
		B2174A821F74C25600812E5D /* LaunchScreen.storyboard */ = {
			isa = PBXVariantGroup;
			children = (
				B2174A831F74C25600812E5D /* Base */,
			);
			name = LaunchScreen.storyboard;
			sourceTree = "<group>";
		};
/* End PBXVariantGroup section */

/* Begin XCBuildConfiguration section */
		B2174A861F74C25600812E5D /* Debug */ = {
			isa = XCBuildConfiguration;
			buildSettings = {
				ALWAYS_SEARCH_USER_PATHS = NO;
				CLANG_ANALYZER_NONNULL = YES;
				CLANG_ANALYZER_NUMBER_OBJECT_CONVERSION = YES_AGGRESSIVE;
				CLANG_CXX_LANGUAGE_STANDARD = "gnu++0x";
				CLANG_CXX_LIBRARY = "libc++";
				CLANG_ENABLE_MODULES = YES;
				CLANG_ENABLE_OBJC_ARC = YES;
				CLANG_WARN_BLOCK_CAPTURE_AUTORELEASING = YES;
				CLANG_WARN_BOOL_CONVERSION = YES;
				CLANG_WARN_COMMA = YES;
				CLANG_WARN_CONSTANT_CONVERSION = YES;
				CLANG_WARN_DIRECT_OBJC_ISA_USAGE = YES_ERROR;
				CLANG_WARN_DOCUMENTATION_COMMENTS = YES;
				CLANG_WARN_EMPTY_BODY = YES;
				CLANG_WARN_ENUM_CONVERSION = YES;
				CLANG_WARN_INFINITE_RECURSION = YES;
				CLANG_WARN_INT_CONVERSION = YES;
				CLANG_WARN_NON_LITERAL_NULL_CONVERSION = YES;
				CLANG_WARN_OBJC_LITERAL_CONVERSION = YES;
				CLANG_WARN_OBJC_ROOT_CLASS = YES_ERROR;
				CLANG_WARN_RANGE_LOOP_ANALYSIS = YES;
				CLANG_WARN_STRICT_PROTOTYPES = YES;
				CLANG_WARN_SUSPICIOUS_MOVE = YES;
				CLANG_WARN_UNREACHABLE_CODE = YES;
				CLANG_WARN__DUPLICATE_METHOD_MATCH = YES;
				"CODE_SIGN_IDENTITY[sdk=iphoneos*]" = "iPhone Developer";
				COPY_PHASE_STRIP = NO;
				DEBUG_INFORMATION_FORMAT = dwarf;
				ENABLE_STRICT_OBJC_MSGSEND = YES;
				ENABLE_TESTABILITY = YES;
				GCC_C_LANGUAGE_STANDARD = gnu99;
				GCC_DYNAMIC_NO_PIC = NO;
				GCC_NO_COMMON_BLOCKS = YES;
				GCC_OPTIMIZATION_LEVEL = 0;
				GCC_PREPROCESSOR_DEFINITIONS = (
					"DEBUG=1",
					"$(inherited)",
				);
				GCC_WARN_64_TO_32_BIT_CONVERSION = YES;
				GCC_WARN_ABOUT_RETURN_TYPE = YES_ERROR;
				GCC_WARN_UNDECLARED_SELECTOR = YES;
				GCC_WARN_UNINITIALIZED_AUTOS = YES_AGGRESSIVE;
				GCC_WARN_UNUSED_FUNCTION = YES;
				GCC_WARN_UNUSED_VARIABLE = YES;
				IPHONEOS_DEPLOYMENT_TARGET = 11.0;
				MTL_ENABLE_DEBUG_INFO = YES;
				ONLY_ACTIVE_ARCH = YES;
				SDKROOT = iphoneos;
				SWIFT_ACTIVE_COMPILATION_CONDITIONS = DEBUG;
				SWIFT_OPTIMIZATION_LEVEL = "-Onone";
			};
			name = Debug;
		};
		B2174A871F74C25600812E5D /* Release */ = {
			isa = XCBuildConfiguration;
			buildSettings = {
				ALWAYS_SEARCH_USER_PATHS = NO;
				CLANG_ANALYZER_NONNULL = YES;
				CLANG_ANALYZER_NUMBER_OBJECT_CONVERSION = YES_AGGRESSIVE;
				CLANG_CXX_LANGUAGE_STANDARD = "gnu++0x";
				CLANG_CXX_LIBRARY = "libc++";
				CLANG_ENABLE_MODULES = YES;
				CLANG_ENABLE_OBJC_ARC = YES;
				CLANG_WARN_BLOCK_CAPTURE_AUTORELEASING = YES;
				CLANG_WARN_BOOL_CONVERSION = YES;
				CLANG_WARN_COMMA = YES;
				CLANG_WARN_CONSTANT_CONVERSION = YES;
				CLANG_WARN_DIRECT_OBJC_ISA_USAGE = YES_ERROR;
				CLANG_WARN_DOCUMENTATION_COMMENTS = YES;
				CLANG_WARN_EMPTY_BODY = YES;
				CLANG_WARN_ENUM_CONVERSION = YES;
				CLANG_WARN_INFINITE_RECURSION = YES;
				CLANG_WARN_INT_CONVERSION = YES;
				CLANG_WARN_NON_LITERAL_NULL_CONVERSION = YES;
				CLANG_WARN_OBJC_LITERAL_CONVERSION = YES;
				CLANG_WARN_OBJC_ROOT_CLASS = YES_ERROR;
				CLANG_WARN_RANGE_LOOP_ANALYSIS = YES;
				CLANG_WARN_STRICT_PROTOTYPES = YES;
				CLANG_WARN_SUSPICIOUS_MOVE = YES;
				CLANG_WARN_UNREACHABLE_CODE = YES;
				CLANG_WARN__DUPLICATE_METHOD_MATCH = YES;
				"CODE_SIGN_IDENTITY[sdk=iphoneos*]" = "iPhone Developer";
				COPY_PHASE_STRIP = NO;
				DEBUG_INFORMATION_FORMAT = "dwarf-with-dsym";
				ENABLE_NS_ASSERTIONS = NO;
				ENABLE_STRICT_OBJC_MSGSEND = YES;
				GCC_C_LANGUAGE_STANDARD = gnu99;
				GCC_NO_COMMON_BLOCKS = YES;
				GCC_WARN_64_TO_32_BIT_CONVERSION = YES;
				GCC_WARN_ABOUT_RETURN_TYPE = YES_ERROR;
				GCC_WARN_UNDECLARED_SELECTOR = YES;
				GCC_WARN_UNINITIALIZED_AUTOS = YES_AGGRESSIVE;
				GCC_WARN_UNUSED_FUNCTION = YES;
				GCC_WARN_UNUSED_VARIABLE = YES;
				IPHONEOS_DEPLOYMENT_TARGET = 11.0;
				MTL_ENABLE_DEBUG_INFO = NO;
				SDKROOT = iphoneos;
				SWIFT_OPTIMIZATION_LEVEL = "-Owholemodule";
				VALIDATE_PRODUCT = YES;
			};
			name = Release;
		};
		B2174A891F74C25600812E5D /* Debug */ = {
			isa = XCBuildConfiguration;
			buildSettings = {
				ASSETCATALOG_COMPILER_APPICON_NAME = AppIcon;
				DEVELOPMENT_TEAM = S97KR224T3;
				INFOPLIST_FILE = "$(SRCROOT)/Barcode Master/Info.plist";
				LD_RUNPATH_SEARCH_PATHS = "$(inherited) @executable_path/Frameworks";
				PRODUCT_BUNDLE_IDENTIFIER = "milk.demo.com.Barcode-Master";
				PRODUCT_NAME = "$(TARGET_NAME)";
				SWIFT_SWIFT3_OBJC_INFERENCE = Off;
				SWIFT_VERSION = 4.0;
			};
			name = Debug;
		};
		B2174A8A1F74C25600812E5D /* Release */ = {
			isa = XCBuildConfiguration;
			buildSettings = {
				ASSETCATALOG_COMPILER_APPICON_NAME = AppIcon;
				DEVELOPMENT_TEAM = S97KR224T3;
				INFOPLIST_FILE = "$(SRCROOT)/Barcode Master/Info.plist";
				LD_RUNPATH_SEARCH_PATHS = "$(inherited) @executable_path/Frameworks";
				PRODUCT_BUNDLE_IDENTIFIER = "milk.demo.com.Barcode-Master";
				PRODUCT_NAME = "$(TARGET_NAME)";
				SWIFT_SWIFT3_OBJC_INFERENCE = Off;
				SWIFT_VERSION = 4.0;
			};
			name = Release;
		};
/* End XCBuildConfiguration section */

/* Begin XCConfigurationList section */
		B2174A711F74C25600812E5D /* Build configuration list for PBXProject "Barcode Master" */ = {
			isa = XCConfigurationList;
			buildConfigurations = (
				B2174A861F74C25600812E5D /* Debug */,
				B2174A871F74C25600812E5D /* Release */,
			);
			defaultConfigurationIsVisible = 0;
			defaultConfigurationName = Release;
		};
		B2174A881F74C25600812E5D /* Build configuration list for PBXNativeTarget "Barcode Master" */ = {
			isa = XCConfigurationList;
			buildConfigurations = (
				B2174A891F74C25600812E5D /* Debug */,
				B2174A8A1F74C25600812E5D /* Release */,
			);
			defaultConfigurationIsVisible = 0;
			defaultConfigurationName = Release;
		};
/* End XCConfigurationList section */
	};
	rootObject = B2174A6E1F74C25600812E5D /* Project object */;
}
